// !$*UTF8*$!
{
	archiveVersion = 1;
	classes = {
	};
	objectVersion = 56;
	objects = {

/* Begin PBXBuildFile section */
		A2EF707A2A6E2773009130CB /* AudioMakerProApp.swift in Sources */ = {isa = PBXBuildFile; fileRef = A2EF70792A6E2773009130CB /* AudioMakerProApp.swift */; };
		A2EF707C2A6E2773009130CB /* ContentView.swift in Sources */ = {isa = PBXBuildFile; fileRef = A2EF707B2A6E2773009130CB /* ContentView.swift */; };
		A2EF707E2A6E2774009130CB /* Assets.xcassets in Resources */ = {isa = PBXBuildFile; fileRef = A2EF707D2A6E2774009130CB /* Assets.xcassets */; };
		A2EF70812A6E2774009130CB /* Preview Assets.xcassets in Resources */ = {isa = PBXBuildFile; fileRef = A2EF70802A6E2774009130CB /* Preview Assets.xcassets */; };
		A2EF708C2A6E2774009130CB /* AudioMakerProTests.swift in Sources */ = {isa = PBXBuildFile; fileRef = A2EF708B2A6E2774009130CB /* AudioMakerProTests.swift */; };
		A2EF70962A6E2774009130CB /* AudioMakerProUITests.swift in Sources */ = {isa = PBXBuildFile; fileRef = A2EF70952A6E2774009130CB /* AudioMakerProUITests.swift */; };
		A2EF70982A6E2774009130CB /* AudioMakerProUITestsLaunchTests.swift in Sources */ = {isa = PBXBuildFile; fileRef = A2EF70972A6E2774009130CB /* AudioMakerProUITestsLaunchTests.swift */; };
/* End PBXBuildFile section */

/* Begin PBXContainerItemProxy section */
		A2EF70882A6E2774009130CB /* PBXContainerItemProxy */ = {
			isa = PBXContainerItemProxy;
			containerPortal = A2EF706E2A6E2773009130CB /* Project object */;
			proxyType = 1;
			remoteGlobalIDString = A2EF70752A6E2773009130CB;
			remoteInfo = AudioMakerPro;
		};
		A2EF70922A6E2774009130CB /* PBXContainerItemProxy */ = {
			isa = PBXContainerItemProxy;
			containerPortal = A2EF706E2A6E2773009130CB /* Project object */;
			proxyType = 1;
			remoteGlobalIDString = A2EF70752A6E2773009130CB;
			remoteInfo = AudioMakerPro;
		};
/* End PBXContainerItemProxy section */

/* Begin PBXFileReference section */
		A2EF70762A6E2773009130CB /* AudioMakerPro.app */ = {isa = PBXFileReference; explicitFileType = wrapper.application; includeInIndex = 0; path = AudioMakerPro.app; sourceTree = BUILT_PRODUCTS_DIR; };
		A2EF70792A6E2773009130CB /* AudioMakerProApp.swift */ = {isa = PBXFileReference; lastKnownFileType = sourcecode.swift; path = AudioMakerProApp.swift; sourceTree = "<group>"; };
		A2EF707B2A6E2773009130CB /* ContentView.swift */ = {isa = PBXFileReference; lastKnownFileType = sourcecode.swift; path = ContentView.swift; sourceTree = "<group>"; };
		A2EF707D2A6E2774009130CB /* Assets.xcassets */ = {isa = PBXFileReference; lastKnownFileType = folder.assetcatalog; path = Assets.xcassets; sourceTree = "<group>"; };
		A2EF70802A6E2774009130CB /* Preview Assets.xcassets */ = {isa = PBXFileReference; lastKnownFileType = folder.assetcatalog; path = "Preview Assets.xcassets"; sourceTree = "<group>"; };
		A2EF70822A6E2774009130CB /* AudioMakerPro.entitlements */ = {isa = PBXFileReference; lastKnownFileType = text.plist.entitlements; path = AudioMakerPro.entitlements; sourceTree = "<group>"; };
		A2EF70872A6E2774009130CB /* AudioMakerProTests.xctest */ = {isa = PBXFileReference; explicitFileType = wrapper.cfbundle; includeInIndex = 0; path = AudioMakerProTests.xctest; sourceTree = BUILT_PRODUCTS_DIR; };
		A2EF708B2A6E2774009130CB /* AudioMakerProTests.swift */ = {isa = PBXFileReference; lastKnownFileType = sourcecode.swift; path = AudioMakerProTests.swift; sourceTree = "<group>"; };
		A2EF70912A6E2774009130CB /* AudioMakerProUITests.xctest */ = {isa = PBXFileReference; explicitFileType = wrapper.cfbundle; includeInIndex = 0; path = AudioMakerProUITests.xctest; sourceTree = BUILT_PRODUCTS_DIR; };
		A2EF70952A6E2774009130CB /* AudioMakerProUITests.swift */ = {isa = PBXFileReference; lastKnownFileType = sourcecode.swift; path = AudioMakerProUITests.swift; sourceTree = "<group>"; };
		A2EF70972A6E2774009130CB /* AudioMakerProUITestsLaunchTests.swift */ = {isa = PBXFileReference; lastKnownFileType = sourcecode.swift; path = AudioMakerProUITestsLaunchTests.swift; sourceTree = "<group>"; };
/* End PBXFileReference section */

/* Begin PBXFrameworksBuildPhase section */
		A2EF70732A6E2773009130CB /* Frameworks */ = {
			isa = PBXFrameworksBuildPhase;
			buildActionMask = 2147483647;
			files = (
			);
			runOnlyForDeploymentPostprocessing = 0;
		};
		A2EF70842A6E2774009130CB /* Frameworks */ = {
			isa = PBXFrameworksBuildPhase;
			buildActionMask = 2147483647;
			files = (
			);
			runOnlyForDeploymentPostprocessing = 0;
		};
		A2EF708E2A6E2774009130CB /* Frameworks */ = {
			isa = PBXFrameworksBuildPhase;
			buildActionMask = 2147483647;
			files = (
			);
			runOnlyForDeploymentPostprocessing = 0;
		};
/* End PBXFrameworksBuildPhase section */

/* Begin PBXGroup section */
		A2EF706D2A6E2773009130CB = {
			isa = PBXGroup;
			children = (
				A2EF70782A6E2773009130CB /* AudioMakerPro */,
				A2EF708A2A6E2774009130CB /* AudioMakerProTests */,
				A2EF70942A6E2774009130CB /* AudioMakerProUITests */,
				A2EF70772A6E2773009130CB /* Products */,
			);
			sourceTree = "<group>";
		};
		A2EF70772A6E2773009130CB /* Products */ = {
			isa = PBXGroup;
			children = (
				A2EF70762A6E2773009130CB /* AudioMakerPro.app */,
				A2EF70872A6E2774009130CB /* AudioMakerProTests.xctest */,
				A2EF70912A6E2774009130CB /* AudioMakerProUITests.xctest */,
			);
			name = Products;
			sourceTree = "<group>";
		};
		A2EF70782A6E2773009130CB /* AudioMakerPro */ = {
			isa = PBXGroup;
			children = (
				A2EF70792A6E2773009130CB /* AudioMakerProApp.swift */,
				A2EF707B2A6E2773009130CB /* ContentView.swift */,
				A2EF707D2A6E2774009130CB /* Assets.xcassets */,
				A2EF70822A6E2774009130CB /* AudioMakerPro.entitlements */,
				A2EF707F2A6E2774009130CB /* Preview Content */,
			);
			path = AudioMakerPro;
			sourceTree = "<group>";
		};
		A2EF707F2A6E2774009130CB /* Preview Content */ = {
			isa = PBXGroup;
			children = (
				A2EF70802A6E2774009130CB /* Preview Assets.xcassets */,
			);
			path = "Preview Content";
			sourceTree = "<group>";
		};
		A2EF708A2A6E2774009130CB /* AudioMakerProTests */ = {
			isa = PBXGroup;
			children = (
				A2EF708B2A6E2774009130CB /* AudioMakerProTests.swift */,
			);
			path = AudioMakerProTests;
			sourceTree = "<group>";
		};
		A2EF70942A6E2774009130CB /* AudioMakerProUITests */ = {
			isa = PBXGroup;
			children = (
				A2EF70952A6E2774009130CB /* AudioMakerProUITests.swift */,
				A2EF70972A6E2774009130CB /* AudioMakerProUITestsLaunchTests.swift */,
			);
			path = AudioMakerProUITests;
			sourceTree = "<group>";
		};
/* End PBXGroup section */

/* Begin PBXNativeTarget section */
		A2EF70752A6E2773009130CB /* AudioMakerPro */ = {
			isa = PBXNativeTarget;
			buildConfigurationList = A2EF709B2A6E2774009130CB /* Build configuration list for PBXNativeTarget "AudioMakerPro" */;
			buildPhases = (
				A2EF70722A6E2773009130CB /* Sources */,
				A2EF70732A6E2773009130CB /* Frameworks */,
				A2EF70742A6E2773009130CB /* Resources */,
			);
			buildRules = (
			);
			dependencies = (
			);
			name = AudioMakerPro;
			productName = AudioMakerPro;
			productReference = A2EF70762A6E2773009130CB /* AudioMakerPro.app */;
			productType = "com.apple.product-type.application";
		};
		A2EF70862A6E2774009130CB /* AudioMakerProTests */ = {
			isa = PBXNativeTarget;
			buildConfigurationList = A2EF709E2A6E2774009130CB /* Build configuration list for PBXNativeTarget "AudioMakerProTests" */;
			buildPhases = (
				A2EF70832A6E2774009130CB /* Sources */,
				A2EF70842A6E2774009130CB /* Frameworks */,
				A2EF70852A6E2774009130CB /* Resources */,
			);
			buildRules = (
			);
			dependencies = (
				A2EF70892A6E2774009130CB /* PBXTargetDependency */,
			);
			name = AudioMakerProTests;
			productName = AudioMakerProTests;
			productReference = A2EF70872A6E2774009130CB /* AudioMakerProTests.xctest */;
			productType = "com.apple.product-type.bundle.unit-test";
		};
		A2EF70902A6E2774009130CB /* AudioMakerProUITests */ = {
			isa = PBXNativeTarget;
			buildConfigurationList = A2EF70A12A6E2774009130CB /* Build configuration list for PBXNativeTarget "AudioMakerProUITests" */;
			buildPhases = (
				A2EF708D2A6E2774009130CB /* Sources */,
				A2EF708E2A6E2774009130CB /* Frameworks */,
				A2EF708F2A6E2774009130CB /* Resources */,
			);
			buildRules = (
			);
			dependencies = (
				A2EF70932A6E2774009130CB /* PBXTargetDependency */,
			);
			name = AudioMakerProUITests;
			productName = AudioMakerProUITests;
			productReference = A2EF70912A6E2774009130CB /* AudioMakerProUITests.xctest */;
			productType = "com.apple.product-type.bundle.ui-testing";
		};
/* End PBXNativeTarget section */

/* Begin PBXProject section */
		A2EF706E2A6E2773009130CB /* Project object */ = {
			isa = PBXProject;
			attributes = {
				BuildIndependentTargetsInParallel = 1;
				LastSwiftUpdateCheck = 1430;
				LastUpgradeCheck = 1430;
				TargetAttributes = {
					A2EF70752A6E2773009130CB = {
						CreatedOnToolsVersion = 14.3.1;
					};
					A2EF70862A6E2774009130CB = {
						CreatedOnToolsVersion = 14.3.1;
						TestTargetID = A2EF70752A6E2773009130CB;
					};
					A2EF70902A6E2774009130CB = {
						CreatedOnToolsVersion = 14.3.1;
						TestTargetID = A2EF70752A6E2773009130CB;
					};
				};
			};
			buildConfigurationList = A2EF70712A6E2773009130CB /* Build configuration list for PBXProject "AudioMakerPro" */;
			compatibilityVersion = "Xcode 14.0";
			developmentRegion = en;
			hasScannedForEncodings = 0;
			knownRegions = (
				en,
				Base,
			);
			mainGroup = A2EF706D2A6E2773009130CB;
			productRefGroup = A2EF70772A6E2773009130CB /* Products */;
			projectDirPath = "";
			projectRoot = "";
			targets = (
				A2EF70752A6E2773009130CB /* AudioMakerPro */,
				A2EF70862A6E2774009130CB /* AudioMakerProTests */,
				A2EF70902A6E2774009130CB /* AudioMakerProUITests */,
			);
		};
/* End PBXProject section */

/* Begin PBXResourcesBuildPhase section */
		A2EF70742A6E2773009130CB /* Resources */ = {
			isa = PBXResourcesBuildPhase;
			buildActionMask = 2147483647;
			files = (
				A2EF70812A6E2774009130CB /* Preview Assets.xcassets in Resources */,
				A2EF707E2A6E2774009130CB /* Assets.xcassets in Resources */,
			);
			runOnlyForDeploymentPostprocessing = 0;
		};
		A2EF70852A6E2774009130CB /* Resources */ = {
			isa = PBXResourcesBuildPhase;
			buildActionMask = 2147483647;
			files = (
			);
			runOnlyForDeploymentPostprocessing = 0;
		};
		A2EF708F2A6E2774009130CB /* Resources */ = {
			isa = PBXResourcesBuildPhase;
			buildActionMask = 2147483647;
			files = (
			);
			runOnlyForDeploymentPostprocessing = 0;
		};
/* End PBXResourcesBuildPhase section */

/* Begin PBXSourcesBuildPhase section */
		A2EF70722A6E2773009130CB /* Sources */ = {
			isa = PBXSourcesBuildPhase;
			buildActionMask = 2147483647;
			files = (
				A2EF707C2A6E2773009130CB /* ContentView.swift in Sources */,
				A2EF707A2A6E2773009130CB /* AudioMakerProApp.swift in Sources */,
			);
			runOnlyForDeploymentPostprocessing = 0;
		};
		A2EF70832A6E2774009130CB /* Sources */ = {
			isa = PBXSourcesBuildPhase;
			buildActionMask = 2147483647;
			files = (
				A2EF708C2A6E2774009130CB /* AudioMakerProTests.swift in Sources */,
			);
			runOnlyForDeploymentPostprocessing = 0;
		};
		A2EF708D2A6E2774009130CB /* Sources */ = {
			isa = PBXSourcesBuildPhase;
			buildActionMask = 2147483647;
			files = (
				A2EF70982A6E2774009130CB /* AudioMakerProUITestsLaunchTests.swift in Sources */,
				A2EF70962A6E2774009130CB /* AudioMakerProUITests.swift in Sources */,
			);
			runOnlyForDeploymentPostprocessing = 0;
		};
/* End PBXSourcesBuildPhase section */

/* Begin PBXTargetDependency section */
		A2EF70892A6E2774009130CB /* PBXTargetDependency */ = {
			isa = PBXTargetDependency;
			target = A2EF70752A6E2773009130CB /* AudioMakerPro */;
			targetProxy = A2EF70882A6E2774009130CB /* PBXContainerItemProxy */;
		};
		A2EF70932A6E2774009130CB /* PBXTargetDependency */ = {
			isa = PBXTargetDependency;
			target = A2EF70752A6E2773009130CB /* AudioMakerPro */;
			targetProxy = A2EF70922A6E2774009130CB /* PBXContainerItemProxy */;
		};
/* End PBXTargetDependency section */

/* Begin XCBuildConfiguration section */
		A2EF70992A6E2774009130CB /* Debug */ = {
			isa = XCBuildConfiguration;
			buildSettings = {
				ALWAYS_SEARCH_USER_PATHS = NO;
				CLANG_ANALYZER_NONNULL = YES;
				CLANG_ANALYZER_NUMBER_OBJECT_CONVERSION = YES_AGGRESSIVE;
				CLANG_CXX_LANGUAGE_STANDARD = "gnu++20";
				CLANG_ENABLE_MODULES = YES;
				CLANG_ENABLE_OBJC_ARC = YES;
				CLANG_ENABLE_OBJC_WEAK = YES;
				CLANG_WARN_BLOCK_CAPTURE_AUTORELEASING = YES;
				CLANG_WARN_BOOL_CONVERSION = YES;
				CLANG_WARN_COMMA = YES;
				CLANG_WARN_CONSTANT_CONVERSION = YES;
				CLANG_WARN_DEPRECATED_OBJC_IMPLEMENTATIONS = YES;
				CLANG_WARN_DIRECT_OBJC_ISA_USAGE = YES_ERROR;
				CLANG_WARN_DOCUMENTATION_COMMENTS = YES;
				CLANG_WARN_EMPTY_BODY = YES;
				CLANG_WARN_ENUM_CONVERSION = YES;
				CLANG_WARN_INFINITE_RECURSION = YES;
				CLANG_WARN_INT_CONVERSION = YES;
				CLANG_WARN_NON_LITERAL_NULL_CONVERSION = YES;
				CLANG_WARN_OBJC_IMPLICIT_RETAIN_SELF = YES;
				CLANG_WARN_OBJC_LITERAL_CONVERSION = YES;
				CLANG_WARN_OBJC_ROOT_CLASS = YES_ERROR;
				CLANG_WARN_QUOTED_INCLUDE_IN_FRAMEWORK_HEADER = YES;
				CLANG_WARN_RANGE_LOOP_ANALYSIS = YES;
				CLANG_WARN_STRICT_PROTOTYPES = YES;
				CLANG_WARN_SUSPICIOUS_MOVE = YES;
				CLANG_WARN_UNGUARDED_AVAILABILITY = YES_AGGRESSIVE;
				CLANG_WARN_UNREACHABLE_CODE = YES;
				CLANG_WARN__DUPLICATE_METHOD_MATCH = YES;
				COPY_PHASE_STRIP = NO;
				DEBUG_INFORMATION_FORMAT = dwarf;
				ENABLE_STRICT_OBJC_MSGSEND = YES;
				ENABLE_TESTABILITY = YES;
				GCC_C_LANGUAGE_STANDARD = gnu11;
				GCC_DYNAMIC_NO_PIC = NO;
				GCC_NO_COMMON_BLOCKS = YES;
				GCC_OPTIMIZATION_LEVEL = 0;
				GCC_PREPROCESSOR_DEFINITIONS = (
					"DEBUG=1",
					"$(inherited)",
				);
				GCC_WARN_64_TO_32_BIT_CONVERSION = YES;
				GCC_WARN_ABOUT_RETURN_TYPE = YES_ERROR;
				GCC_WARN_UNDECLARED_SELECTOR = YES;
				GCC_WARN_UNINITIALIZED_AUTOS = YES_AGGRESSIVE;
				GCC_WARN_UNUSED_FUNCTION = YES;
				GCC_WARN_UNUSED_VARIABLE = YES;
				MACOSX_DEPLOYMENT_TARGET = 13.3;
				MTL_ENABLE_DEBUG_INFO = INCLUDE_SOURCE;
				MTL_FAST_MATH = YES;
				ONLY_ACTIVE_ARCH = YES;
				SDKROOT = macosx;
				SWIFT_ACTIVE_COMPILATION_CONDITIONS = DEBUG;
				SWIFT_OPTIMIZATION_LEVEL = "-Onone";
			};
			name = Debug;
		};
		A2EF709A2A6E2774009130CB /* Release */ = {
			isa = XCBuildConfiguration;
			buildSettings = {
				ALWAYS_SEARCH_USER_PATHS = NO;
				CLANG_ANALYZER_NONNULL = YES;
				CLANG_ANALYZER_NUMBER_OBJECT_CONVERSION = YES_AGGRESSIVE;
				CLANG_CXX_LANGUAGE_STANDARD = "gnu++20";
				CLANG_ENABLE_MODULES = YES;
				CLANG_ENABLE_OBJC_ARC = YES;
				CLANG_ENABLE_OBJC_WEAK = YES;
				CLANG_WARN_BLOCK_CAPTURE_AUTORELEASING = YES;
				CLANG_WARN_BOOL_CONVERSION = YES;
				CLANG_WARN_COMMA = YES;
				CLANG_WARN_CONSTANT_CONVERSION = YES;
				CLANG_WARN_DEPRECATED_OBJC_IMPLEMENTATIONS = YES;
				CLANG_WARN_DIRECT_OBJC_ISA_USAGE = YES_ERROR;
				CLANG_WARN_DOCUMENTATION_COMMENTS = YES;
				CLANG_WARN_EMPTY_BODY = YES;
				CLANG_WARN_ENUM_CONVERSION = YES;
				CLANG_WARN_INFINITE_RECURSION = YES;
				CLANG_WARN_INT_CONVERSION = YES;
				CLANG_WARN_NON_LITERAL_NULL_CONVERSION = YES;
				CLANG_WARN_OBJC_IMPLICIT_RETAIN_SELF = YES;
				CLANG_WARN_OBJC_LITERAL_CONVERSION = YES;
				CLANG_WARN_OBJC_ROOT_CLASS = YES_ERROR;
				CLANG_WARN_QUOTED_INCLUDE_IN_FRAMEWORK_HEADER = YES;
				CLANG_WARN_RANGE_LOOP_ANALYSIS = YES;
				CLANG_WARN_STRICT_PROTOTYPES = YES;
				CLANG_WARN_SUSPICIOUS_MOVE = YES;
				CLANG_WARN_UNGUARDED_AVAILABILITY = YES_AGGRESSIVE;
				CLANG_WARN_UNREACHABLE_CODE = YES;
				CLANG_WARN__DUPLICATE_METHOD_MATCH = YES;
				COPY_PHASE_STRIP = NO;
				DEBUG_INFORMATION_FORMAT = "dwarf-with-dsym";
				ENABLE_NS_ASSERTIONS = NO;
				ENABLE_STRICT_OBJC_MSGSEND = YES;
				GCC_C_LANGUAGE_STANDARD = gnu11;
				GCC_NO_COMMON_BLOCKS = YES;
				GCC_WARN_64_TO_32_BIT_CONVERSION = YES;
				GCC_WARN_ABOUT_RETURN_TYPE = YES_ERROR;
				GCC_WARN_UNDECLARED_SELECTOR = YES;
				GCC_WARN_UNINITIALIZED_AUTOS = YES_AGGRESSIVE;
				GCC_WARN_UNUSED_FUNCTION = YES;
				GCC_WARN_UNUSED_VARIABLE = YES;
				MACOSX_DEPLOYMENT_TARGET = 13.3;
				MTL_ENABLE_DEBUG_INFO = NO;
				MTL_FAST_MATH = YES;
				SDKROOT = macosx;
				SWIFT_COMPILATION_MODE = wholemodule;
				SWIFT_OPTIMIZATION_LEVEL = "-O";
			};
			name = Release;
		};
		A2EF709C2A6E2774009130CB /* Debug */ = {
			isa = XCBuildConfiguration;
			buildSettings = {
				ASSETCATALOG_COMPILER_APPICON_NAME = AppIcon;
				ASSETCATALOG_COMPILER_GLOBAL_ACCENT_COLOR_NAME = AccentColor;
				CODE_SIGN_ENTITLEMENTS = AudioMakerPro/AudioMakerPro.entitlements;
				CODE_SIGN_STYLE = Automatic;
				COMBINE_HIDPI_IMAGES = YES;
				CURRENT_PROJECT_VERSION = 1;
				DEVELOPMENT_ASSET_PATHS = "\"AudioMakerPro/Preview Content\"";
				ENABLE_PREVIEWS = YES;
				GENERATE_INFOPLIST_FILE = YES;
				INFOPLIST_KEY_LSApplicationCategoryType = "public.app-category.music";
				INFOPLIST_KEY_NSHumanReadableCopyright = "";
				LD_RUNPATH_SEARCH_PATHS = (
					"$(inherited)",
					"@executable_path/../Frameworks",
				);
				MARKETING_VERSION = 1.0;
				PRODUCT_BUNDLE_IDENTIFIER = GameEngine.AudioMakerPro;
				PRODUCT_NAME = "$(TARGET_NAME)";
				SWIFT_EMIT_LOC_STRINGS = YES;
				SWIFT_VERSION = 5.0;
			};
			name = Debug;
		};
		A2EF709D2A6E2774009130CB /* Release */ = {
			isa = XCBuildConfiguration;
			buildSettings = {
				ASSETCATALOG_COMPILER_APPICON_NAME = AppIcon;
				ASSETCATALOG_COMPILER_GLOBAL_ACCENT_COLOR_NAME = AccentColor;
				CODE_SIGN_ENTITLEMENTS = AudioMakerPro/AudioMakerPro.entitlements;
				CODE_SIGN_STYLE = Automatic;
				COMBINE_HIDPI_IMAGES = YES;
				CURRENT_PROJECT_VERSION = 1;
				DEVELOPMENT_ASSET_PATHS = "\"AudioMakerPro/Preview Content\"";
				ENABLE_PREVIEWS = YES;
				GENERATE_INFOPLIST_FILE = YES;
				INFOPLIST_KEY_LSApplicationCategoryType = "public.app-category.music";
				INFOPLIST_KEY_NSHumanReadableCopyright = "";
				LD_RUNPATH_SEARCH_PATHS = (
					"$(inherited)",
					"@executable_path/../Frameworks",
				);
				MARKETING_VERSION = 1.0;
				PRODUCT_BUNDLE_IDENTIFIER = GameEngine.AudioMakerPro;
				PRODUCT_NAME = "$(TARGET_NAME)";
				SWIFT_EMIT_LOC_STRINGS = YES;
				SWIFT_VERSION = 5.0;
			};
			name = Release;
		};
		A2EF709F2A6E2774009130CB /* Debug */ = {
			isa = XCBuildConfiguration;
			buildSettings = {
				ALWAYS_EMBED_SWIFT_STANDARD_LIBRARIES = YES;
				BUNDLE_LOADER = "$(TEST_HOST)";
				CODE_SIGN_STYLE = Automatic;
				CURRENT_PROJECT_VERSION = 1;
				GENERATE_INFOPLIST_FILE = YES;
				MACOSX_DEPLOYMENT_TARGET = 13.3;
				MARKETING_VERSION = 1.0;
				PRODUCT_BUNDLE_IDENTIFIER = GameEngine.AudioMakerProTests;
				PRODUCT_NAME = "$(TARGET_NAME)";
				SWIFT_EMIT_LOC_STRINGS = NO;
				SWIFT_VERSION = 5.0;
				TEST_HOST = "$(BUILT_PRODUCTS_DIR)/AudioMakerPro.app/$(BUNDLE_EXECUTABLE_FOLDER_PATH)/AudioMakerPro";
			};
			name = Debug;
		};
		A2EF70A02A6E2774009130CB /* Release */ = {
			isa = XCBuildConfiguration;
			buildSettings = {
				ALWAYS_EMBED_SWIFT_STANDARD_LIBRARIES = YES;
				BUNDLE_LOADER = "$(TEST_HOST)";
				CODE_SIGN_STYLE = Automatic;
				CURRENT_PROJECT_VERSION = 1;
				GENERATE_INFOPLIST_FILE = YES;
				MACOSX_DEPLOYMENT_TARGET = 13.3;
				MARKETING_VERSION = 1.0;
				PRODUCT_BUNDLE_IDENTIFIER = GameEngine.AudioMakerProTests;
				PRODUCT_NAME = "$(TARGET_NAME)";
				SWIFT_EMIT_LOC_STRINGS = NO;
				SWIFT_VERSION = 5.0;
				TEST_HOST = "$(BUILT_PRODUCTS_DIR)/AudioMakerPro.app/$(BUNDLE_EXECUTABLE_FOLDER_PATH)/AudioMakerPro";
			};
			name = Release;
		};
		A2EF70A22A6E2774009130CB /* Debug */ = {
			isa = XCBuildConfiguration;
			buildSettings = {
				ALWAYS_EMBED_SWIFT_STANDARD_LIBRARIES = YES;
				CODE_SIGN_STYLE = Automatic;
				CURRENT_PROJECT_VERSION = 1;
				GENERATE_INFOPLIST_FILE = YES;
				MARKETING_VERSION = 1.0;
				PRODUCT_BUNDLE_IDENTIFIER = GameEngine.AudioMakerProUITests;
				PRODUCT_NAME = "$(TARGET_NAME)";
				SWIFT_EMIT_LOC_STRINGS = NO;
				SWIFT_VERSION = 5.0;
				TEST_TARGET_NAME = AudioMakerPro;
			};
			name = Debug;
		};
		A2EF70A32A6E2774009130CB /* Release */ = {
			isa = XCBuildConfiguration;
			buildSettings = {
				ALWAYS_EMBED_SWIFT_STANDARD_LIBRARIES = YES;
				CODE_SIGN_STYLE = Automatic;
				CURRENT_PROJECT_VERSION = 1;
				GENERATE_INFOPLIST_FILE = YES;
				MARKETING_VERSION = 1.0;
				PRODUCT_BUNDLE_IDENTIFIER = GameEngine.AudioMakerProUITests;
				PRODUCT_NAME = "$(TARGET_NAME)";
				SWIFT_EMIT_LOC_STRINGS = NO;
				SWIFT_VERSION = 5.0;
				TEST_TARGET_NAME = AudioMakerPro;
			};
			name = Release;
		};
/* End XCBuildConfiguration section */

/* Begin XCConfigurationList section */
		A2EF70712A6E2773009130CB /* Build configuration list for PBXProject "AudioMakerPro" */ = {
			isa = XCConfigurationList;
			buildConfigurations = (
				A2EF70992A6E2774009130CB /* Debug */,
				A2EF709A2A6E2774009130CB /* Release */,
			);
			defaultConfigurationIsVisible = 0;
			defaultConfigurationName = Release;
		};
		A2EF709B2A6E2774009130CB /* Build configuration list for PBXNativeTarget "AudioMakerPro" */ = {
			isa = XCConfigurationList;
			buildConfigurations = (
				A2EF709C2A6E2774009130CB /* Debug */,
				A2EF709D2A6E2774009130CB /* Release */,
			);
			defaultConfigurationIsVisible = 0;
			defaultConfigurationName = Release;
		};
		A2EF709E2A6E2774009130CB /* Build configuration list for PBXNativeTarget "AudioMakerProTests" */ = {
			isa = XCConfigurationList;
			buildConfigurations = (
				A2EF709F2A6E2774009130CB /* Debug */,
				A2EF70A02A6E2774009130CB /* Release */,
			);
			defaultConfigurationIsVisible = 0;
			defaultConfigurationName = Release;
		};
		A2EF70A12A6E2774009130CB /* Build configuration list for PBXNativeTarget "AudioMakerProUITests" */ = {
			isa = XCConfigurationList;
			buildConfigurations = (
				A2EF70A22A6E2774009130CB /* Debug */,
				A2EF70A32A6E2774009130CB /* Release */,
			);
			defaultConfigurationIsVisible = 0;
			defaultConfigurationName = Release;
		};
/* End XCConfigurationList section */
	};
	rootObject = A2EF706E2A6E2773009130CB /* Project object */;
}
